<?xml version="1.0" encoding="UTF-8"?>
<!DOCTYPE plist PUBLIC "-//Apple//DTD PLIST 1.0//EN" "http://www.apple.com/DTDs/PropertyList-1.0.dtd">
<plist version="1.0">
<dict>
	<key>BuildNumber</key>
	<string>41900096</string>
	<key>BundleIdentifier</key>
	<string>com.barebones.bbedit</string>
	<key>HostIdentifier</key>
	<string>2F891D71-76D0-54DA-B111-13330A733212</string>
	<key>HostName</key>
	<string>NYQMT4HRYH</string>
	<key>LockDate</key>
	<date>2024-10-30T10:54:34Z</date>
	<key>LockID</key>
	<string>56E90CC8-B50B-46F2-9590-F4B1F2EA9A79</string>
	<key>MarketingVersion</key>
	<string>15.0.2</string>
	<key>NetworkVolume</key>
	<false/>
	<key>ProcessIdentifier</key>
	<integer>3547</integer>
	<key>UserName</key>
	<string>peter</string>
	<key>Version</key>
	<integer>3</integer>
	<key>VolumeIdentifier</key>
	<string>8AFE3BD7-B6DA-43CC-A6EE-6679F577C900</string>
</dict>
</plist>
